
Microsoft Visual Studio Solution File, Format Version 12.00
# Visual Studio Version 16
VisualStudioVersion = 16.0.30503.244
MinimumVisualStudioVersion = 10.0.40219.1
Project("{FAE04EC0-301F-11D3-BF4B-00C04F79EFBC}") = "Myapp", "Myapp\Myapp.csproj", "{BBF32D93-AED6-4AA5-A170-18BAB8899EB3}"
EndProject
Global
	GlobalSection(SolutionConfigurationPlatforms) = preSolution
		Debug|Any CPU = Debug|Any CPU
		Release|Any CPU = Release|Any CPU
	EndGlobalSection
	GlobalSection(ProjectConfigurationPlatforms) = postSolution
		{BBF32D93-AED6-4AA5-A170-18BAB8899EB3}.Debug|Any CPU.ActiveCfg = Debug|Any CPU
		{BBF32D93-AED6-4AA5-A170-18BAB8899EB3}.Debug|Any CPU.Build.0 = Debug|Any CPU
		{BBF32D93-AED6-4AA5-A170-18BAB8899EB3}.Release|Any CPU.ActiveCfg = Release|Any CPU
		{BBF32D93-AED6-4AA5-A170-18BAB8899EB3}.Release|Any CPU.Build.0 = Release|Any CPU
	EndGlobalSection
	GlobalSection(SolutionProperties) = preSolution
		HideSolutionNode = FALSE
	EndGlobalSection
	GlobalSection(ExtensibilityGlobals) = postSolution
		SolutionGuid = {EA5FAFC4-B70A-4547-9DDD-58EF6E4B4311}
	EndGlobalSection
EndGlobal
